
Microsoft Visual Studio Solution File, Format Version 12.00
# Visual Studio Version 17
VisualStudioVersion = 17.3.32804.467
MinimumVisualStudioVersion = 10.0.40219.1
Project("{9A19103F-16F7-4668-BE54-9A1E7A4F7556}") = "WordSmithWeb.Server", "Server\WordSmithWeb.Server.csproj", "{46ACBBA6-ADE2-4576-9ED9-BE119C47AB20}"
EndProject
Project("{9A19103F-16F7-4668-BE54-9A1E7A4F7556}") = "WordSmithWeb.Client", "Client\WordSmithWeb.Client.csproj", "{47A1D013-AE4A-4E53-AE97-2848EAED0BEA}"
EndProject
Project("{9A19103F-16F7-4668-BE54-9A1E7A4F7556}") = "WordSmithWeb.Shared", "Shared\WordSmithWeb.Shared.csproj", "{C25F53F5-13A8-48DE-AAF3-BF15BF3CAE75}"
EndProject
Global
	GlobalSection(SolutionConfigurationPlatforms) = preSolution
		Debug|Any CPU = Debug|Any CPU
		Release|Any CPU = Release|Any CPU
	EndGlobalSection
	GlobalSection(ProjectConfigurationPlatforms) = postSolution
		{46ACBBA6-ADE2-4576-9ED9-BE119C47AB20}.Debug|Any CPU.ActiveCfg = Debug|Any CPU
		{46ACBBA6-ADE2-4576-9ED9-BE119C47AB20}.Debug|Any CPU.Build.0 = Debug|Any CPU
		{46ACBBA6-ADE2-4576-9ED9-BE119C47AB20}.Release|Any CPU.ActiveCfg = Release|Any CPU
		{46ACBBA6-ADE2-4576-9ED9-BE119C47AB20}.Release|Any CPU.Build.0 = Release|Any CPU
		{47A1D013-AE4A-4E53-AE97-2848EAED0BEA}.Debug|Any CPU.ActiveCfg = Debug|Any CPU
		{47A1D013-AE4A-4E53-AE97-2848EAED0BEA}.Debug|Any CPU.Build.0 = Debug|Any CPU
		{47A1D013-AE4A-4E53-AE97-2848EAED0BEA}.Release|Any CPU.ActiveCfg = Release|Any CPU
		{47A1D013-AE4A-4E53-AE97-2848EAED0BEA}.Release|Any CPU.Build.0 = Release|Any CPU
		{C25F53F5-13A8-48DE-AAF3-BF15BF3CAE75}.Debug|Any CPU.ActiveCfg = Debug|Any CPU
		{C25F53F5-13A8-48DE-AAF3-BF15BF3CAE75}.Debug|Any CPU.Build.0 = Debug|Any CPU
		{C25F53F5-13A8-48DE-AAF3-BF15BF3CAE75}.Release|Any CPU.ActiveCfg = Release|Any CPU
		{C25F53F5-13A8-48DE-AAF3-BF15BF3CAE75}.Release|Any CPU.Build.0 = Release|Any CPU
	EndGlobalSection
	GlobalSection(SolutionProperties) = preSolution
		HideSolutionNode = FALSE
	EndGlobalSection
	GlobalSection(ExtensibilityGlobals) = postSolution
		SolutionGuid = {C6385B26-8056-4731-B041-447AF07631AF}
	EndGlobalSection
EndGlobal
